
Microsoft Visual Studio Solution File, Format Version 12.00
# Visual Studio 2012
Project("{FAE04EC0-301F-11D3-BF4B-00C04F79EFBC}") = "ZipHash", "ZipHash\ZipHash.csproj", "{6FE33A25-D41B-4223-8FDB-ADAD22A46996}"
EndProject
Project("{2150E333-8FDC-42A3-9474-1A3956D46DE8}") = "Solution Items", "Solution Items", "{954E44F5-32E7-4477-BC78-9F1D8F5A9B0C}"
	ProjectSection(SolutionItems) = preProject
		..\LICENSE = ..\LICENSE
		..\README.md = ..\README.md
	EndProjectSection
EndProject
Project("{2150E333-8FDC-42A3-9474-1A3956D46DE8}") = "Tests", "Tests", "{5223EA53-EC24-4807-8FE2-69FE552FC987}"
EndProject
Project("{FAE04EC0-301F-11D3-BF4B-00C04F79EFBC}") = "ZipHash.Core.UnitTests", "ZipHash.Core.UnitTests\ZipHash.Core.UnitTests.csproj", "{41E44DF9-9FEF-4620-8B99-28975FB8A22D}"
EndProject
Project("{2150E333-8FDC-42A3-9474-1A3956D46DE8}") = ".nuget", ".nuget", "{9A966242-D10B-4A3E-8A15-14525928E410}"
	ProjectSection(SolutionItems) = preProject
		.nuget\NuGet.Config = .nuget\NuGet.Config
		.nuget\NuGet.exe = .nuget\NuGet.exe
		.nuget\NuGet.targets = .nuget\NuGet.targets
	EndProjectSection
EndProject
Project("{2150E333-8FDC-42A3-9474-1A3956D46DE8}") = "Build", "Build", "{A21689E7-88AE-405F-AA12-9496E02D8DF8}"
	ProjectSection(SolutionItems) = preProject
		..\build.proj = ..\build.proj
	EndProjectSection
EndProject
Project("{FAE04EC0-301F-11D3-BF4B-00C04F79EFBC}") = "ZipHash.Core", "ZipHash.Core\ZipHash.Core.csproj", "{602B865A-6BE4-4FD2-B051-FD2CE27E510C}"
EndProject
Global
	GlobalSection(SolutionConfigurationPlatforms) = preSolution
		Debug|Any CPU = Debug|Any CPU
		Release|Any CPU = Release|Any CPU
	EndGlobalSection
	GlobalSection(ProjectConfigurationPlatforms) = postSolution
		{6FE33A25-D41B-4223-8FDB-ADAD22A46996}.Debug|Any CPU.ActiveCfg = Debug|Any CPU
		{6FE33A25-D41B-4223-8FDB-ADAD22A46996}.Debug|Any CPU.Build.0 = Debug|Any CPU
		{6FE33A25-D41B-4223-8FDB-ADAD22A46996}.Release|Any CPU.ActiveCfg = Release|Any CPU
		{6FE33A25-D41B-4223-8FDB-ADAD22A46996}.Release|Any CPU.Build.0 = Release|Any CPU
		{41E44DF9-9FEF-4620-8B99-28975FB8A22D}.Debug|Any CPU.ActiveCfg = Debug|Any CPU
		{41E44DF9-9FEF-4620-8B99-28975FB8A22D}.Debug|Any CPU.Build.0 = Debug|Any CPU
		{41E44DF9-9FEF-4620-8B99-28975FB8A22D}.Release|Any CPU.ActiveCfg = Release|Any CPU
		{41E44DF9-9FEF-4620-8B99-28975FB8A22D}.Release|Any CPU.Build.0 = Release|Any CPU
		{602B865A-6BE4-4FD2-B051-FD2CE27E510C}.Debug|Any CPU.ActiveCfg = Debug|Any CPU
		{602B865A-6BE4-4FD2-B051-FD2CE27E510C}.Debug|Any CPU.Build.0 = Debug|Any CPU
		{602B865A-6BE4-4FD2-B051-FD2CE27E510C}.Release|Any CPU.ActiveCfg = Release|Any CPU
		{602B865A-6BE4-4FD2-B051-FD2CE27E510C}.Release|Any CPU.Build.0 = Release|Any CPU
	EndGlobalSection
	GlobalSection(SolutionProperties) = preSolution
		HideSolutionNode = FALSE
	EndGlobalSection
	GlobalSection(NestedProjects) = preSolution
		{5223EA53-EC24-4807-8FE2-69FE552FC987} = {954E44F5-32E7-4477-BC78-9F1D8F5A9B0C}
		{9A966242-D10B-4A3E-8A15-14525928E410} = {954E44F5-32E7-4477-BC78-9F1D8F5A9B0C}
		{A21689E7-88AE-405F-AA12-9496E02D8DF8} = {954E44F5-32E7-4477-BC78-9F1D8F5A9B0C}
		{41E44DF9-9FEF-4620-8B99-28975FB8A22D} = {5223EA53-EC24-4807-8FE2-69FE552FC987}
	EndGlobalSection
EndGlobal
